
Microsoft Visual Studio Solution File, Format Version 12.00
# Visual Studio 2013
VisualStudioVersion = 12.0.31101.0
MinimumVisualStudioVersion = 10.0.40219.1
Project("{FAE04EC0-301F-11D3-BF4B-00C04F79EFBC}") = "IOS.D2S.WebUI", "IOS.D2S.WebUI\IOS.D2S.WebUI.csproj", "{6DA469C1-6557-4C7C-8958-2D64CA8F1AAA}"
EndProject
Project("{FAE04EC0-301F-11D3-BF4B-00C04F79EFBC}") = "IOS.D2S.WebAPI", "IOS.D2S.WebAPI\IOS.D2S.WebAPI.csproj", "{DA58EC84-ABBC-40AA-BCE1-F47E97411866}"
EndProject
Project("{FAE04EC0-301F-11D3-BF4B-00C04F79EFBC}") = "IOS.D2S.Data", "IOS.D2S.Data\IOS.D2S.Data.csproj", "{9928DB39-EB2A-43AC-873A-D0B15B6ADDA8}"
EndProject
Project("{FAE04EC0-301F-11D3-BF4B-00C04F79EFBC}") = "IOS.D2S.BL", "IOS.D2S.BL\IOS.D2S.BL.csproj", "{4FBB95AA-27F2-4C1A-8DAF-2FEBFD9EF555}"
EndProject
Project("{FAE04EC0-301F-11D3-BF4B-00C04F79EFBC}") = "IOS.D2S.API", "IOS.D2S.API\IOS.D2S.API.csproj", "{4ADB7C82-5A69-4F37-987C-FB55D77D78BE}"
EndProject
Project("{FAE04EC0-301F-11D3-BF4B-00C04F79EFBC}") = "IOS.D2S.Core", "IOS.D2S.Core\IOS.D2S.Core.csproj", "{390F2203-EE5F-482C-84AF-49EF00E3398E}"
EndProject
Project("{FAE04EC0-301F-11D3-BF4B-00C04F79EFBC}") = "IOS.D2S.DataConnector", "IOS.D2S.DataConnector\IOS.D2S.DataConnector.csproj", "{88A58617-05D6-4486-B297-73E5581837B3}"
EndProject
Project("{FAE04EC0-301F-11D3-BF4B-00C04F79EFBC}") = "IOS.D2S.FrontEndWebUI", "IOS.D2S.FrontEndWebUI\IOS.D2S.FrontEndWebUI.csproj", "{8A31D67F-F063-40C7-BBF7-3C916BA5A005}"
EndProject
Project("{2150E333-8FDC-42A3-9474-1A3956D46DE8}") = "Services", "Services", "{97147437-B6CA-4CCB-9B40-EF79C1B73126}"
EndProject
Project("{FAE04EC0-301F-11D3-BF4B-00C04F79EFBC}") = "KioskMonitoringService", "KioskMonitoringService\KioskMonitoringService.csproj", "{8A3CC84F-98CC-42EF-B08C-269F20E17364}"
EndProject
Project("{FAE04EC0-301F-11D3-BF4B-00C04F79EFBC}") = "FileHandlingService", "FileHandlingService\FileHandlingService.csproj", "{49921FCB-F51A-400A-94C5-7653422D5C74}"
EndProject
Global
	GlobalSection(SolutionConfigurationPlatforms) = preSolution
		Debug|Any CPU = Debug|Any CPU
		Release|Any CPU = Release|Any CPU
	EndGlobalSection
	GlobalSection(ProjectConfigurationPlatforms) = postSolution
		{6DA469C1-6557-4C7C-8958-2D64CA8F1AAA}.Debug|Any CPU.ActiveCfg = Debug|Any CPU
		{6DA469C1-6557-4C7C-8958-2D64CA8F1AAA}.Debug|Any CPU.Build.0 = Debug|Any CPU
		{6DA469C1-6557-4C7C-8958-2D64CA8F1AAA}.Release|Any CPU.ActiveCfg = Release|Any CPU
		{6DA469C1-6557-4C7C-8958-2D64CA8F1AAA}.Release|Any CPU.Build.0 = Release|Any CPU
		{DA58EC84-ABBC-40AA-BCE1-F47E97411866}.Debug|Any CPU.ActiveCfg = Debug|Any CPU
		{DA58EC84-ABBC-40AA-BCE1-F47E97411866}.Debug|Any CPU.Build.0 = Debug|Any CPU
		{DA58EC84-ABBC-40AA-BCE1-F47E97411866}.Release|Any CPU.ActiveCfg = Release|Any CPU
		{DA58EC84-ABBC-40AA-BCE1-F47E97411866}.Release|Any CPU.Build.0 = Release|Any CPU
		{9928DB39-EB2A-43AC-873A-D0B15B6ADDA8}.Debug|Any CPU.ActiveCfg = Debug|Any CPU
		{9928DB39-EB2A-43AC-873A-D0B15B6ADDA8}.Debug|Any CPU.Build.0 = Debug|Any CPU
		{9928DB39-EB2A-43AC-873A-D0B15B6ADDA8}.Release|Any CPU.ActiveCfg = Release|Any CPU
		{9928DB39-EB2A-43AC-873A-D0B15B6ADDA8}.Release|Any CPU.Build.0 = Release|Any CPU
		{4FBB95AA-27F2-4C1A-8DAF-2FEBFD9EF555}.Debug|Any CPU.ActiveCfg = Debug|Any CPU
		{4FBB95AA-27F2-4C1A-8DAF-2FEBFD9EF555}.Debug|Any CPU.Build.0 = Debug|Any CPU
		{4FBB95AA-27F2-4C1A-8DAF-2FEBFD9EF555}.Release|Any CPU.ActiveCfg = Release|Any CPU
		{4FBB95AA-27F2-4C1A-8DAF-2FEBFD9EF555}.Release|Any CPU.Build.0 = Release|Any CPU
		{4ADB7C82-5A69-4F37-987C-FB55D77D78BE}.Debug|Any CPU.ActiveCfg = Debug|Any CPU
		{4ADB7C82-5A69-4F37-987C-FB55D77D78BE}.Debug|Any CPU.Build.0 = Debug|Any CPU
		{4ADB7C82-5A69-4F37-987C-FB55D77D78BE}.Release|Any CPU.ActiveCfg = Release|Any CPU
		{4ADB7C82-5A69-4F37-987C-FB55D77D78BE}.Release|Any CPU.Build.0 = Release|Any CPU
		{390F2203-EE5F-482C-84AF-49EF00E3398E}.Debug|Any CPU.ActiveCfg = Debug|Any CPU
		{390F2203-EE5F-482C-84AF-49EF00E3398E}.Debug|Any CPU.Build.0 = Debug|Any CPU
		{390F2203-EE5F-482C-84AF-49EF00E3398E}.Release|Any CPU.ActiveCfg = Release|Any CPU
		{390F2203-EE5F-482C-84AF-49EF00E3398E}.Release|Any CPU.Build.0 = Release|Any CPU
		{88A58617-05D6-4486-B297-73E5581837B3}.Debug|Any CPU.ActiveCfg = Debug|Any CPU
		{88A58617-05D6-4486-B297-73E5581837B3}.Debug|Any CPU.Build.0 = Debug|Any CPU
		{88A58617-05D6-4486-B297-73E5581837B3}.Release|Any CPU.ActiveCfg = Release|Any CPU
		{88A58617-05D6-4486-B297-73E5581837B3}.Release|Any CPU.Build.0 = Release|Any CPU
		{8A31D67F-F063-40C7-BBF7-3C916BA5A005}.Debug|Any CPU.ActiveCfg = Debug|Any CPU
		{8A31D67F-F063-40C7-BBF7-3C916BA5A005}.Debug|Any CPU.Build.0 = Debug|Any CPU
		{8A31D67F-F063-40C7-BBF7-3C916BA5A005}.Release|Any CPU.ActiveCfg = Release|Any CPU
		{8A31D67F-F063-40C7-BBF7-3C916BA5A005}.Release|Any CPU.Build.0 = Release|Any CPU
		{8A3CC84F-98CC-42EF-B08C-269F20E17364}.Debug|Any CPU.ActiveCfg = Debug|Any CPU
		{8A3CC84F-98CC-42EF-B08C-269F20E17364}.Debug|Any CPU.Build.0 = Debug|Any CPU
		{8A3CC84F-98CC-42EF-B08C-269F20E17364}.Release|Any CPU.ActiveCfg = Release|Any CPU
		{8A3CC84F-98CC-42EF-B08C-269F20E17364}.Release|Any CPU.Build.0 = Release|Any CPU
		{49921FCB-F51A-400A-94C5-7653422D5C74}.Debug|Any CPU.ActiveCfg = Debug|Any CPU
		{49921FCB-F51A-400A-94C5-7653422D5C74}.Debug|Any CPU.Build.0 = Debug|Any CPU
		{49921FCB-F51A-400A-94C5-7653422D5C74}.Release|Any CPU.ActiveCfg = Release|Any CPU
		{49921FCB-F51A-400A-94C5-7653422D5C74}.Release|Any CPU.Build.0 = Release|Any CPU
	EndGlobalSection
	GlobalSection(SolutionProperties) = preSolution
		HideSolutionNode = FALSE
	EndGlobalSection
	GlobalSection(NestedProjects) = preSolution
		{8A3CC84F-98CC-42EF-B08C-269F20E17364} = {97147437-B6CA-4CCB-9B40-EF79C1B73126}
		{49921FCB-F51A-400A-94C5-7653422D5C74} = {97147437-B6CA-4CCB-9B40-EF79C1B73126}
	EndGlobalSection
EndGlobal
